PODS:
  - Nimble (7.0.3)
  - Quick (1.2.0)
  - RADToolKit (1.0.0)

DEPENDENCIES:
  - Nimble
  - Quick
  - RADToolKit (from `../`)

EXTERNAL SOURCES:
  RADToolKit:
    :path: ../

SPEC CHECKSUMS:
  Nimble: 7f5a9c447a33002645a071bddafbfb24ea70e0ac
  Quick: 58d203b1c5e27fff7229c4c1ae445ad7069a7a08
  RADToolKit: f6d06078e8b39c8d24ff99b2b6b0fb6aa1ac30ae

PODFILE CHECKSUM: 614e831884589902e8d77a72c2c401452c5b87ba

COCOAPODS: 1.4.0
