PODS:
  - CryptoSwift (0.8.3)
  - Nimble (7.0.3)
  - Quick (1.2.0)
  - RADToolKit (1.0.0):
    - CryptoSwift

DEPENDENCIES:
  - Nimble
  - Quick
  - RADToolKit (from `../`)

EXTERNAL SOURCES:
  RADToolKit:
    :path: ../

SPEC CHECKSUMS:
  CryptoSwift: 033efc3523865d19cc6ab6612fa17a62613b5dfa
  Nimble: 7f5a9c447a33002645a071bddafbfb24ea70e0ac
  Quick: 58d203b1c5e27fff7229c4c1ae445ad7069a7a08
  RADToolKit: 7b2ff0822c8da99eebe4eb59fb2f18c494dc241e

PODFILE CHECKSUM: 6b738177d02d71468a7c7af73b057615cca5515b

COCOAPODS: 1.4.0
